
Microsoft Visual Studio Solution File, Format Version 12.00
# Visual Studio Version 16
VisualStudioVersion = 16.0.30907.101
MinimumVisualStudioVersion = 10.0.40219.1
Project("{FAE04EC0-301F-11D3-BF4B-00C04F79EFBC}") = "Polynomial", "Polynomial\Polynomial.csproj", "{B018D141-7FA2-4473-AAAC-76B7B7274999}"
EndProject
Global
	GlobalSection(SolutionConfigurationPlatforms) = preSolution
		Debug|Any CPU = Debug|Any CPU
		Release|Any CPU = Release|Any CPU
	EndGlobalSection
	GlobalSection(ProjectConfigurationPlatforms) = postSolution
		{B018D141-7FA2-4473-AAAC-76B7B7274999}.Debug|Any CPU.ActiveCfg = Debug|Any CPU
		{B018D141-7FA2-4473-AAAC-76B7B7274999}.Debug|Any CPU.Build.0 = Debug|Any CPU
		{B018D141-7FA2-4473-AAAC-76B7B7274999}.Release|Any CPU.ActiveCfg = Release|Any CPU
		{B018D141-7FA2-4473-AAAC-76B7B7274999}.Release|Any CPU.Build.0 = Release|Any CPU
	EndGlobalSection
	GlobalSection(SolutionProperties) = preSolution
		HideSolutionNode = FALSE
	EndGlobalSection
	GlobalSection(ExtensibilityGlobals) = postSolution
		SolutionGuid = {AD0A9EC8-8DAA-4798-940F-8A1BAAE994AA}
	EndGlobalSection
EndGlobal
